// !$*UTF8*$!
{
	archiveVersion = 1;
	classes = {
	};
	objectVersion = 46;
	objects = {

/* Begin PBXBuildFile section */
		1D7D37E01DFAE4F600970074 /* AppDelegate.swift in Sources */ = {isa = PBXBuildFile; fileRef = 1D7D37DF1DFAE4F600970074 /* AppDelegate.swift */; };
		1D7D37E21DFAE4F600970074 /* ViewController.swift in Sources */ = {isa = PBXBuildFile; fileRef = 1D7D37E11DFAE4F600970074 /* ViewController.swift */; };
		1D7D37E41DFAE4F600970074 /* Assets.xcassets in Resources */ = {isa = PBXBuildFile; fileRef = 1D7D37E31DFAE4F600970074 /* Assets.xcassets */; };
		1D7D37E71DFAE4F600970074 /* Main.storyboard in Resources */ = {isa = PBXBuildFile; fileRef = 1D7D37E51DFAE4F600970074 /* Main.storyboard */; };
		1D7D37F51DFAE53B00970074 /* AppDelegate.swift in Sources */ = {isa = PBXBuildFile; fileRef = 1D7D37F41DFAE53B00970074 /* AppDelegate.swift */; };
		1D7D37F71DFAE53B00970074 /* Assets.xcassets in Resources */ = {isa = PBXBuildFile; fileRef = 1D7D37F61DFAE53B00970074 /* Assets.xcassets */; };
		1D7D37FA1DFAE53B00970074 /* MainMenu.xib in Resources */ = {isa = PBXBuildFile; fileRef = 1D7D37F81DFAE53B00970074 /* MainMenu.xib */; };
/* End PBXBuildFile section */

/* Begin PBXFileReference section */
		1D7D37DC1DFAE4F600970074 /* InterprocessCommunication.app */ = {isa = PBXFileReference; explicitFileType = wrapper.application; includeInIndex = 0; path = InterprocessCommunication.app; sourceTree = BUILT_PRODUCTS_DIR; };
		1D7D37DF1DFAE4F600970074 /* AppDelegate.swift */ = {isa = PBXFileReference; lastKnownFileType = sourcecode.swift; path = AppDelegate.swift; sourceTree = "<group>"; };
		1D7D37E11DFAE4F600970074 /* ViewController.swift */ = {isa = PBXFileReference; lastKnownFileType = sourcecode.swift; path = ViewController.swift; sourceTree = "<group>"; };
		1D7D37E31DFAE4F600970074 /* Assets.xcassets */ = {isa = PBXFileReference; lastKnownFileType = folder.assetcatalog; path = Assets.xcassets; sourceTree = "<group>"; };
		1D7D37E61DFAE4F600970074 /* Base */ = {isa = PBXFileReference; lastKnownFileType = file.storyboard; name = Base; path = Base.lproj/Main.storyboard; sourceTree = "<group>"; };
		1D7D37E81DFAE4F600970074 /* Info.plist */ = {isa = PBXFileReference; lastKnownFileType = text.plist.xml; path = Info.plist; sourceTree = "<group>"; };
		1D7D37F21DFAE53B00970074 /* Bridge.app */ = {isa = PBXFileReference; explicitFileType = wrapper.application; includeInIndex = 0; path = Bridge.app; sourceTree = BUILT_PRODUCTS_DIR; };
		1D7D37F41DFAE53B00970074 /* AppDelegate.swift */ = {isa = PBXFileReference; lastKnownFileType = sourcecode.swift; path = AppDelegate.swift; sourceTree = "<group>"; };
		1D7D37F61DFAE53B00970074 /* Assets.xcassets */ = {isa = PBXFileReference; lastKnownFileType = folder.assetcatalog; path = Assets.xcassets; sourceTree = "<group>"; };
		1D7D37F91DFAE53B00970074 /* Base */ = {isa = PBXFileReference; lastKnownFileType = file.xib; name = Base; path = Base.lproj/MainMenu.xib; sourceTree = "<group>"; };
		1D7D37FB1DFAE53B00970074 /* Info.plist */ = {isa = PBXFileReference; lastKnownFileType = text.plist.xml; path = Info.plist; sourceTree = "<group>"; };
/* End PBXFileReference section */

/* Begin PBXFrameworksBuildPhase section */
		1D7D37D91DFAE4F600970074 /* Frameworks */ = {
			isa = PBXFrameworksBuildPhase;
			buildActionMask = 2147483647;
			files = (
			);
			runOnlyForDeploymentPostprocessing = 0;
		};
		1D7D37EF1DFAE53B00970074 /* Frameworks */ = {
			isa = PBXFrameworksBuildPhase;
			buildActionMask = 2147483647;
			files = (
			);
			runOnlyForDeploymentPostprocessing = 0;
		};
/* End PBXFrameworksBuildPhase section */

/* Begin PBXGroup section */
		1D7D37D31DFAE4F600970074 = {
			isa = PBXGroup;
			children = (
				1D7D37DE1DFAE4F600970074 /* InterprocessCommunication */,
				1D7D37F31DFAE53B00970074 /* Bridge */,
				1D7D37DD1DFAE4F600970074 /* Products */,
			);
			sourceTree = "<group>";
		};
		1D7D37DD1DFAE4F600970074 /* Products */ = {
			isa = PBXGroup;
			children = (
				1D7D37DC1DFAE4F600970074 /* InterprocessCommunication.app */,
				1D7D37F21DFAE53B00970074 /* Bridge.app */,
			);
			name = Products;
			sourceTree = "<group>";
		};
		1D7D37DE1DFAE4F600970074 /* InterprocessCommunication */ = {
			isa = PBXGroup;
			children = (
				1D7D37DF1DFAE4F600970074 /* AppDelegate.swift */,
				1D7D37E11DFAE4F600970074 /* ViewController.swift */,
				1D7D37E31DFAE4F600970074 /* Assets.xcassets */,
				1D7D37E51DFAE4F600970074 /* Main.storyboard */,
				1D7D37E81DFAE4F600970074 /* Info.plist */,
			);
			path = InterprocessCommunication;
			sourceTree = "<group>";
		};
		1D7D37F31DFAE53B00970074 /* Bridge */ = {
			isa = PBXGroup;
			children = (
				1D7D37F41DFAE53B00970074 /* AppDelegate.swift */,
				1D7D37F61DFAE53B00970074 /* Assets.xcassets */,
				1D7D37F81DFAE53B00970074 /* MainMenu.xib */,
				1D7D37FB1DFAE53B00970074 /* Info.plist */,
			);
			path = Bridge;
			sourceTree = "<group>";
		};
/* End PBXGroup section */

/* Begin PBXNativeTarget section */
		1D7D37DB1DFAE4F600970074 /* InterprocessCommunication */ = {
			isa = PBXNativeTarget;
			buildConfigurationList = 1D7D37EB1DFAE4F600970074 /* Build configuration list for PBXNativeTarget "InterprocessCommunication" */;
			buildPhases = (
				1D7D37D81DFAE4F600970074 /* Sources */,
				1D7D37D91DFAE4F600970074 /* Frameworks */,
				1D7D37DA1DFAE4F600970074 /* Resources */,
			);
			buildRules = (
			);
			dependencies = (
			);
			name = InterprocessCommunication;
			productName = InterprocessCommunication;
			productReference = 1D7D37DC1DFAE4F600970074 /* InterprocessCommunication.app */;
			productType = "com.apple.product-type.application";
		};
		1D7D37F11DFAE53B00970074 /* Bridge */ = {
			isa = PBXNativeTarget;
			buildConfigurationList = 1D7D37FC1DFAE53B00970074 /* Build configuration list for PBXNativeTarget "Bridge" */;
			buildPhases = (
				1D7D37EE1DFAE53B00970074 /* Sources */,
				1D7D37EF1DFAE53B00970074 /* Frameworks */,
				1D7D37F01DFAE53B00970074 /* Resources */,
			);
			buildRules = (
			);
			dependencies = (
			);
			name = Bridge;
			productName = Bridge;
			productReference = 1D7D37F21DFAE53B00970074 /* Bridge.app */;
			productType = "com.apple.product-type.application";
		};
/* End PBXNativeTarget section */

/* Begin PBXProject section */
		1D7D37D41DFAE4F600970074 /* Project object */ = {
			isa = PBXProject;
			attributes = {
				LastSwiftUpdateCheck = 0810;
				LastUpgradeCheck = 0810;
				ORGANIZATIONNAME = "From Concentrate Software";
				TargetAttributes = {
					1D7D37DB1DFAE4F600970074 = {
						CreatedOnToolsVersion = 8.1;
						DevelopmentTeam = S8Z8N96C99;
						ProvisioningStyle = Automatic;
					};
					1D7D37F11DFAE53B00970074 = {
						CreatedOnToolsVersion = 8.1;
						DevelopmentTeam = S8Z8N96C99;
						ProvisioningStyle = Automatic;
					};
				};
			};
			buildConfigurationList = 1D7D37D71DFAE4F600970074 /* Build configuration list for PBXProject "InterprocessCommunication" */;
			compatibilityVersion = "Xcode 3.2";
			developmentRegion = English;
			hasScannedForEncodings = 0;
			knownRegions = (
				en,
				Base,
			);
			mainGroup = 1D7D37D31DFAE4F600970074;
			productRefGroup = 1D7D37DD1DFAE4F600970074 /* Products */;
			projectDirPath = "";
			projectRoot = "";
			targets = (
				1D7D37DB1DFAE4F600970074 /* InterprocessCommunication */,
				1D7D37F11DFAE53B00970074 /* Bridge */,
			);
		};
/* End PBXProject section */

/* Begin PBXResourcesBuildPhase section */
		1D7D37DA1DFAE4F600970074 /* Resources */ = {
			isa = PBXResourcesBuildPhase;
			buildActionMask = 2147483647;
			files = (
				1D7D37E41DFAE4F600970074 /* Assets.xcassets in Resources */,
				1D7D37E71DFAE4F600970074 /* Main.storyboard in Resources */,
			);
			runOnlyForDeploymentPostprocessing = 0;
		};
		1D7D37F01DFAE53B00970074 /* Resources */ = {
			isa = PBXResourcesBuildPhase;
			buildActionMask = 2147483647;
			files = (
				1D7D37F71DFAE53B00970074 /* Assets.xcassets in Resources */,
				1D7D37FA1DFAE53B00970074 /* MainMenu.xib in Resources */,
			);
			runOnlyForDeploymentPostprocessing = 0;
		};
/* End PBXResourcesBuildPhase section */

/* Begin PBXSourcesBuildPhase section */
		1D7D37D81DFAE4F600970074 /* Sources */ = {
			isa = PBXSourcesBuildPhase;
			buildActionMask = 2147483647;
			files = (
				1D7D37E21DFAE4F600970074 /* ViewController.swift in Sources */,
				1D7D37E01DFAE4F600970074 /* AppDelegate.swift in Sources */,
			);
			runOnlyForDeploymentPostprocessing = 0;
		};
		1D7D37EE1DFAE53B00970074 /* Sources */ = {
			isa = PBXSourcesBuildPhase;
			buildActionMask = 2147483647;
			files = (
				1D7D37F51DFAE53B00970074 /* AppDelegate.swift in Sources */,
			);
			runOnlyForDeploymentPostprocessing = 0;
		};
/* End PBXSourcesBuildPhase section */

/* Begin PBXVariantGroup section */
		1D7D37E51DFAE4F600970074 /* Main.storyboard */ = {
			isa = PBXVariantGroup;
			children = (
				1D7D37E61DFAE4F600970074 /* Base */,
			);
			name = Main.storyboard;
			sourceTree = "<group>";
		};
		1D7D37F81DFAE53B00970074 /* MainMenu.xib */ = {
			isa = PBXVariantGroup;
			children = (
				1D7D37F91DFAE53B00970074 /* Base */,
			);
			name = MainMenu.xib;
			sourceTree = "<group>";
		};
/* End PBXVariantGroup section */

/* Begin XCBuildConfiguration section */
		1D7D37E91DFAE4F600970074 /* Debug */ = {
			isa = XCBuildConfiguration;
			buildSettings = {
				ALWAYS_SEARCH_USER_PATHS = NO;
				CLANG_ANALYZER_NONNULL = YES;
				CLANG_CXX_LANGUAGE_STANDARD = "gnu++0x";
				CLANG_CXX_LIBRARY = "libc++";
				CLANG_ENABLE_MODULES = YES;
				CLANG_ENABLE_OBJC_ARC = YES;
				CLANG_WARN_BOOL_CONVERSION = YES;
				CLANG_WARN_CONSTANT_CONVERSION = YES;
				CLANG_WARN_DIRECT_OBJC_ISA_USAGE = YES_ERROR;
				CLANG_WARN_DOCUMENTATION_COMMENTS = YES;
				CLANG_WARN_EMPTY_BODY = YES;
				CLANG_WARN_ENUM_CONVERSION = YES;
				CLANG_WARN_INFINITE_RECURSION = YES;
				CLANG_WARN_INT_CONVERSION = YES;
				CLANG_WARN_OBJC_ROOT_CLASS = YES_ERROR;
				CLANG_WARN_SUSPICIOUS_MOVES = YES;
				CLANG_WARN_UNREACHABLE_CODE = YES;
				CLANG_WARN__DUPLICATE_METHOD_MATCH = YES;
				CODE_SIGN_IDENTITY = "-";
				COPY_PHASE_STRIP = NO;
				DEBUG_INFORMATION_FORMAT = dwarf;
				ENABLE_STRICT_OBJC_MSGSEND = YES;
				ENABLE_TESTABILITY = YES;
				GCC_C_LANGUAGE_STANDARD = gnu99;
				GCC_DYNAMIC_NO_PIC = NO;
				GCC_NO_COMMON_BLOCKS = YES;
				GCC_OPTIMIZATION_LEVEL = 0;
				GCC_PREPROCESSOR_DEFINITIONS = (
					"DEBUG=1",
					"$(inherited)",
				);
				GCC_WARN_64_TO_32_BIT_CONVERSION = YES;
				GCC_WARN_ABOUT_RETURN_TYPE = YES_ERROR;
				GCC_WARN_UNDECLARED_SELECTOR = YES;
				GCC_WARN_UNINITIALIZED_AUTOS = YES_AGGRESSIVE;
				GCC_WARN_UNUSED_FUNCTION = YES;
				GCC_WARN_UNUSED_VARIABLE = YES;
				MACOSX_DEPLOYMENT_TARGET = 10.12;
				MTL_ENABLE_DEBUG_INFO = YES;
				ONLY_ACTIVE_ARCH = YES;
				SDKROOT = macosx;
				SWIFT_ACTIVE_COMPILATION_CONDITIONS = DEBUG;
				SWIFT_OPTIMIZATION_LEVEL = "-Onone";
			};
			name = Debug;
		};
		1D7D37EA1DFAE4F600970074 /* Release */ = {
			isa = XCBuildConfiguration;
			buildSettings = {
				ALWAYS_SEARCH_USER_PATHS = NO;
				CLANG_ANALYZER_NONNULL = YES;
				CLANG_CXX_LANGUAGE_STANDARD = "gnu++0x";
				CLANG_CXX_LIBRARY = "libc++";
				CLANG_ENABLE_MODULES = YES;
				CLANG_ENABLE_OBJC_ARC = YES;
				CLANG_WARN_BOOL_CONVERSION = YES;
				CLANG_WARN_CONSTANT_CONVERSION = YES;
				CLANG_WARN_DIRECT_OBJC_ISA_USAGE = YES_ERROR;
				CLANG_WARN_DOCUMENTATION_COMMENTS = YES;
				CLANG_WARN_EMPTY_BODY = YES;
				CLANG_WARN_ENUM_CONVERSION = YES;
				CLANG_WARN_INFINITE_RECURSION = YES;
				CLANG_WARN_INT_CONVERSION = YES;
				CLANG_WARN_OBJC_ROOT_CLASS = YES_ERROR;
				CLANG_WARN_SUSPICIOUS_MOVES = YES;
				CLANG_WARN_UNREACHABLE_CODE = YES;
				CLANG_WARN__DUPLICATE_METHOD_MATCH = YES;
				CODE_SIGN_IDENTITY = "-";
				COPY_PHASE_STRIP = NO;
				DEBUG_INFORMATION_FORMAT = "dwarf-with-dsym";
				ENABLE_NS_ASSERTIONS = NO;
				ENABLE_STRICT_OBJC_MSGSEND = YES;
				GCC_C_LANGUAGE_STANDARD = gnu99;
				GCC_NO_COMMON_BLOCKS = YES;
				GCC_WARN_64_TO_32_BIT_CONVERSION = YES;
				GCC_WARN_ABOUT_RETURN_TYPE = YES_ERROR;
				GCC_WARN_UNDECLARED_SELECTOR = YES;
				GCC_WARN_UNINITIALIZED_AUTOS = YES_AGGRESSIVE;
				GCC_WARN_UNUSED_FUNCTION = YES;
				GCC_WARN_UNUSED_VARIABLE = YES;
				MACOSX_DEPLOYMENT_TARGET = 10.12;
				MTL_ENABLE_DEBUG_INFO = NO;
				SDKROOT = macosx;
				SWIFT_OPTIMIZATION_LEVEL = "-Owholemodule";
			};
			name = Release;
		};
		1D7D37EC1DFAE4F600970074 /* Debug */ = {
			isa = XCBuildConfiguration;
			buildSettings = {
				ASSETCATALOG_COMPILER_APPICON_NAME = AppIcon;
				COMBINE_HIDPI_IMAGES = YES;
				DEVELOPMENT_TEAM = S8Z8N96C99;
				INFOPLIST_FILE = InterprocessCommunication/Info.plist;
				LD_RUNPATH_SEARCH_PATHS = "$(inherited) @executable_path/../Frameworks";
				PRODUCT_BUNDLE_IDENTIFIER = com.fromconcentratesoftware.InterprocessCommunication;
				PRODUCT_NAME = "$(TARGET_NAME)";
				SWIFT_VERSION = 3.0;
			};
			name = Debug;
		};
		1D7D37ED1DFAE4F600970074 /* Release */ = {
			isa = XCBuildConfiguration;
			buildSettings = {
				ASSETCATALOG_COMPILER_APPICON_NAME = AppIcon;
				COMBINE_HIDPI_IMAGES = YES;
				DEVELOPMENT_TEAM = S8Z8N96C99;
				INFOPLIST_FILE = InterprocessCommunication/Info.plist;
				LD_RUNPATH_SEARCH_PATHS = "$(inherited) @executable_path/../Frameworks";
				PRODUCT_BUNDLE_IDENTIFIER = com.fromconcentratesoftware.InterprocessCommunication;
				PRODUCT_NAME = "$(TARGET_NAME)";
				SWIFT_VERSION = 3.0;
			};
			name = Release;
		};
		1D7D37FD1DFAE53B00970074 /* Debug */ = {
			isa = XCBuildConfiguration;
			buildSettings = {
				ASSETCATALOG_COMPILER_APPICON_NAME = AppIcon;
				COMBINE_HIDPI_IMAGES = YES;
				DEVELOPMENT_TEAM = S8Z8N96C99;
				INFOPLIST_FILE = Bridge/Info.plist;
				LD_RUNPATH_SEARCH_PATHS = "$(inherited) @executable_path/../Frameworks";
				PRODUCT_BUNDLE_IDENTIFIER = com.fromconcentratesoftware.Bridge;
				PRODUCT_NAME = "$(TARGET_NAME)";
				SWIFT_VERSION = 3.0;
			};
			name = Debug;
		};
		1D7D37FE1DFAE53B00970074 /* Release */ = {
			isa = XCBuildConfiguration;
			buildSettings = {
				ASSETCATALOG_COMPILER_APPICON_NAME = AppIcon;
				COMBINE_HIDPI_IMAGES = YES;
				DEVELOPMENT_TEAM = S8Z8N96C99;
				INFOPLIST_FILE = Bridge/Info.plist;
				LD_RUNPATH_SEARCH_PATHS = "$(inherited) @executable_path/../Frameworks";
				PRODUCT_BUNDLE_IDENTIFIER = com.fromconcentratesoftware.Bridge;
				PRODUCT_NAME = "$(TARGET_NAME)";
				SWIFT_VERSION = 3.0;
			};
			name = Release;
		};
/* End XCBuildConfiguration section */

/* Begin XCConfigurationList section */
		1D7D37D71DFAE4F600970074 /* Build configuration list for PBXProject "InterprocessCommunication" */ = {
			isa = XCConfigurationList;
			buildConfigurations = (
				1D7D37E91DFAE4F600970074 /* Debug */,
				1D7D37EA1DFAE4F600970074 /* Release */,
			);
			defaultConfigurationIsVisible = 0;
			defaultConfigurationName = Release;
		};
		1D7D37EB1DFAE4F600970074 /* Build configuration list for PBXNativeTarget "InterprocessCommunication" */ = {
			isa = XCConfigurationList;
			buildConfigurations = (
				1D7D37EC1DFAE4F600970074 /* Debug */,
				1D7D37ED1DFAE4F600970074 /* Release */,
			);
			defaultConfigurationIsVisible = 0;
		};
		1D7D37FC1DFAE53B00970074 /* Build configuration list for PBXNativeTarget "Bridge" */ = {
			isa = XCConfigurationList;
			buildConfigurations = (
				1D7D37FD1DFAE53B00970074 /* Debug */,
				1D7D37FE1DFAE53B00970074 /* Release */,
			);
			defaultConfigurationIsVisible = 0;
		};
/* End XCConfigurationList section */
	};
	rootObject = 1D7D37D41DFAE4F600970074 /* Project object */;
}
